
Microsoft Visual Studio Solution File, Format Version 12.00
# Visual Studio 2012
Project("{FAE04EC0-301F-11D3-BF4B-00C04F79EFBC}") = "EStall", "EStall\EStall.csproj", "{544D32FF-DCD4-4EBE-8E32-C0AA9D500126}"
EndProject
Project("{FAE04EC0-301F-11D3-BF4B-00C04F79EFBC}") = "PCLEStall", "..\PCLEStall\PCLEStall.csproj", "{73E0E957-EBBD-4C4D-8C3B-A61440300C6D}"
EndProject
Project("{FAE04EC0-301F-11D3-BF4B-00C04F79EFBC}") = "Sample", "Sample\Sample.csproj", "{2EC55C1E-B054-47D6-8D52-9E243FD5088B}"
EndProject
Global
	GlobalSection(SolutionConfigurationPlatforms) = preSolution
		Debug|Any CPU = Debug|Any CPU
		Release|Any CPU = Release|Any CPU
	EndGlobalSection
	GlobalSection(ProjectConfigurationPlatforms) = postSolution
		{544D32FF-DCD4-4EBE-8E32-C0AA9D500126}.Debug|Any CPU.ActiveCfg = Debug|Any CPU
		{544D32FF-DCD4-4EBE-8E32-C0AA9D500126}.Debug|Any CPU.Build.0 = Debug|Any CPU
		{544D32FF-DCD4-4EBE-8E32-C0AA9D500126}.Release|Any CPU.ActiveCfg = Release|Any CPU
		{544D32FF-DCD4-4EBE-8E32-C0AA9D500126}.Release|Any CPU.Build.0 = Release|Any CPU
		{73E0E957-EBBD-4C4D-8C3B-A61440300C6D}.Debug|Any CPU.ActiveCfg = Debug|Any CPU
		{73E0E957-EBBD-4C4D-8C3B-A61440300C6D}.Debug|Any CPU.Build.0 = Debug|Any CPU
		{73E0E957-EBBD-4C4D-8C3B-A61440300C6D}.Release|Any CPU.ActiveCfg = Release|Any CPU
		{73E0E957-EBBD-4C4D-8C3B-A61440300C6D}.Release|Any CPU.Build.0 = Release|Any CPU
		{2EC55C1E-B054-47D6-8D52-9E243FD5088B}.Debug|Any CPU.ActiveCfg = Debug|Any CPU
		{2EC55C1E-B054-47D6-8D52-9E243FD5088B}.Debug|Any CPU.Build.0 = Debug|Any CPU
		{2EC55C1E-B054-47D6-8D52-9E243FD5088B}.Release|Any CPU.ActiveCfg = Release|Any CPU
		{2EC55C1E-B054-47D6-8D52-9E243FD5088B}.Release|Any CPU.Build.0 = Release|Any CPU
	EndGlobalSection
	GlobalSection(SolutionProperties) = preSolution
		HideSolutionNode = FALSE
	EndGlobalSection
EndGlobal
